
Microsoft Visual Studio Solution File, Format Version 12.00
# Visual Studio 15
VisualStudioVersion = 15.0.28307.168
MinimumVisualStudioVersion = 10.0.40219.1
Project("{FAE04EC0-301F-11D3-BF4B-00C04F79EFBC}") = "eCommerce", "eCommerce\eCommerce.csproj", "{2B15F7FF-1949-413A-8455-AB7DC06FFD08}"
EndProject
Global
	GlobalSection(SolutionConfigurationPlatforms) = preSolution
		Debug|Any CPU = Debug|Any CPU
		Release|Any CPU = Release|Any CPU
	EndGlobalSection
	GlobalSection(ProjectConfigurationPlatforms) = postSolution
		{2B15F7FF-1949-413A-8455-AB7DC06FFD08}.Debug|Any CPU.ActiveCfg = Debug|Any CPU
		{2B15F7FF-1949-413A-8455-AB7DC06FFD08}.Debug|Any CPU.Build.0 = Debug|Any CPU
		{2B15F7FF-1949-413A-8455-AB7DC06FFD08}.Release|Any CPU.ActiveCfg = Release|Any CPU
		{2B15F7FF-1949-413A-8455-AB7DC06FFD08}.Release|Any CPU.Build.0 = Release|Any CPU
	EndGlobalSection
	GlobalSection(SolutionProperties) = preSolution
		HideSolutionNode = FALSE
	EndGlobalSection
	GlobalSection(ExtensibilityGlobals) = postSolution
		SolutionGuid = {F7B8E21A-E90E-4465-8049-38750EFD5C98}
	EndGlobalSection
EndGlobal
